
Microsoft Visual Studio Solution File, Format Version 12.00
# Visual Studio Version 16
VisualStudioVersion = 16.0.30011.22
MinimumVisualStudioVersion = 10.0.40219.1
Project("{FAE04EC0-301F-11D3-BF4B-00C04F79EFBC}") = "MyCoursework", "MyCoursework\MyCoursework.csproj", "{6F8846E1-06A3-468E-ABE0-734F679C969A}"
	ProjectSection(ProjectDependencies) = postProject
		{B5844A27-A425-4BA9-BAE2-A6742B3EA475} = {B5844A27-A425-4BA9-BAE2-A6742B3EA475}
	EndProjectSection
EndProject
Project("{FAE04EC0-301F-11D3-BF4B-00C04F79EFBC}") = "ClassifierLibrary", "ClassifierLibrary\ClassifierLibrary.csproj", "{B5844A27-A425-4BA9-BAE2-A6742B3EA475}"
EndProject
Global
	GlobalSection(SolutionConfigurationPlatforms) = preSolution
		Debug|Any CPU = Debug|Any CPU
		Release|Any CPU = Release|Any CPU
	EndGlobalSection
	GlobalSection(ProjectConfigurationPlatforms) = postSolution
		{6F8846E1-06A3-468E-ABE0-734F679C969A}.Debug|Any CPU.ActiveCfg = Debug|Any CPU
		{6F8846E1-06A3-468E-ABE0-734F679C969A}.Debug|Any CPU.Build.0 = Debug|Any CPU
		{6F8846E1-06A3-468E-ABE0-734F679C969A}.Release|Any CPU.ActiveCfg = Release|Any CPU
		{6F8846E1-06A3-468E-ABE0-734F679C969A}.Release|Any CPU.Build.0 = Release|Any CPU
		{B5844A27-A425-4BA9-BAE2-A6742B3EA475}.Debug|Any CPU.ActiveCfg = Debug|Any CPU
		{B5844A27-A425-4BA9-BAE2-A6742B3EA475}.Debug|Any CPU.Build.0 = Debug|Any CPU
		{B5844A27-A425-4BA9-BAE2-A6742B3EA475}.Release|Any CPU.ActiveCfg = Release|Any CPU
		{B5844A27-A425-4BA9-BAE2-A6742B3EA475}.Release|Any CPU.Build.0 = Release|Any CPU
	EndGlobalSection
	GlobalSection(SolutionProperties) = preSolution
		HideSolutionNode = FALSE
	EndGlobalSection
	GlobalSection(ExtensibilityGlobals) = postSolution
		SolutionGuid = {05D1555C-058E-42FE-B1A9-3D4CEE153BB6}
	EndGlobalSection
EndGlobal
